
Microsoft Visual Studio Solution File, Format Version 12.00
# Visual Studio Version 16
VisualStudioVersion = 16.0.30717.126
MinimumVisualStudioVersion = 10.0.40219.1
Project("{FAE04EC0-301F-11D3-BF4B-00C04F79EFBC}") = "ConsoleApp1", "ConsoleApp1\ConsoleApp1.csproj", "{950820F9-C1FE-4F55-A498-1253C970E638}"
EndProject
Global
	GlobalSection(SolutionConfigurationPlatforms) = preSolution
		Debug|Any CPU = Debug|Any CPU
		Release|Any CPU = Release|Any CPU
	EndGlobalSection
	GlobalSection(ProjectConfigurationPlatforms) = postSolution
		{950820F9-C1FE-4F55-A498-1253C970E638}.Debug|Any CPU.ActiveCfg = Debug|Any CPU
		{950820F9-C1FE-4F55-A498-1253C970E638}.Debug|Any CPU.Build.0 = Debug|Any CPU
		{950820F9-C1FE-4F55-A498-1253C970E638}.Release|Any CPU.ActiveCfg = Release|Any CPU
		{950820F9-C1FE-4F55-A498-1253C970E638}.Release|Any CPU.Build.0 = Release|Any CPU
	EndGlobalSection
	GlobalSection(SolutionProperties) = preSolution
		HideSolutionNode = FALSE
	EndGlobalSection
	GlobalSection(ExtensibilityGlobals) = postSolution
		SolutionGuid = {6ACA20B0-6AD4-4593-9744-8E8667957140}
	EndGlobalSection
EndGlobal
